
Microsoft Visual Studio Solution File, Format Version 12.00
# Visual Studio Version 17
VisualStudioVersion = 17.13.35931.197
MinimumVisualStudioVersion = 10.0.40219.1
Project("{FAE04EC0-301F-11D3-BF4B-00C04F79EFBC}") = "BoardService", "BoardService\BoardService.csproj", "{029390C3-17FD-48BE-802E-4C43DAA3CFD9}"
EndProject
Project("{FAE04EC0-301F-11D3-BF4B-00C04F79EFBC}") = "CardService", "CardService\CardService.csproj", "{527DB960-E7B0-4731-A616-65E5B36A28EC}"
EndProject
Project("{FAE04EC0-301F-11D3-BF4B-00C04F79EFBC}") = "Gateway", "Gateway\Gateway.csproj", "{87E6543E-1E82-48CB-A2AC-E6E3ABE6AE42}"
EndProject
Project("{FAE04EC0-301F-11D3-BF4B-00C04F79EFBC}") = "Shared.Messaging", "Shared.Messaging\Shared.Messaging.csproj", "{F02E7581-FD62-4B9F-A547-EE4681506DFE}"
EndProject
Project("{2150E333-8FDC-42A3-9474-1A3956D46DE8}") = "Solution Items", "Solution Items", "{8EC462FD-D22E-90A8-E5CE-7E832BA40C5D}"
	ProjectSection(SolutionItems) = preProject
		.gitignore = .gitignore
		docker-compose.yml = docker-compose.yml
	EndProjectSection
EndProject
Global
	GlobalSection(SolutionConfigurationPlatforms) = preSolution
		Debug|Any CPU = Debug|Any CPU
		Release|Any CPU = Release|Any CPU
	EndGlobalSection
	GlobalSection(ProjectConfigurationPlatforms) = postSolution
		{029390C3-17FD-48BE-802E-4C43DAA3CFD9}.Debug|Any CPU.ActiveCfg = Debug|Any CPU
		{029390C3-17FD-48BE-802E-4C43DAA3CFD9}.Debug|Any CPU.Build.0 = Debug|Any CPU
		{029390C3-17FD-48BE-802E-4C43DAA3CFD9}.Release|Any CPU.ActiveCfg = Release|Any CPU
		{029390C3-17FD-48BE-802E-4C43DAA3CFD9}.Release|Any CPU.Build.0 = Release|Any CPU
		{527DB960-E7B0-4731-A616-65E5B36A28EC}.Debug|Any CPU.ActiveCfg = Debug|Any CPU
		{527DB960-E7B0-4731-A616-65E5B36A28EC}.Debug|Any CPU.Build.0 = Debug|Any CPU
		{527DB960-E7B0-4731-A616-65E5B36A28EC}.Release|Any CPU.ActiveCfg = Release|Any CPU
		{527DB960-E7B0-4731-A616-65E5B36A28EC}.Release|Any CPU.Build.0 = Release|Any CPU
		{87E6543E-1E82-48CB-A2AC-E6E3ABE6AE42}.Debug|Any CPU.ActiveCfg = Debug|Any CPU
		{87E6543E-1E82-48CB-A2AC-E6E3ABE6AE42}.Debug|Any CPU.Build.0 = Debug|Any CPU
		{87E6543E-1E82-48CB-A2AC-E6E3ABE6AE42}.Release|Any CPU.ActiveCfg = Release|Any CPU
		{87E6543E-1E82-48CB-A2AC-E6E3ABE6AE42}.Release|Any CPU.Build.0 = Release|Any CPU
		{F02E7581-FD62-4B9F-A547-EE4681506DFE}.Debug|Any CPU.ActiveCfg = Debug|Any CPU
		{F02E7581-FD62-4B9F-A547-EE4681506DFE}.Debug|Any CPU.Build.0 = Debug|Any CPU
		{F02E7581-FD62-4B9F-A547-EE4681506DFE}.Release|Any CPU.ActiveCfg = Release|Any CPU
		{F02E7581-FD62-4B9F-A547-EE4681506DFE}.Release|Any CPU.Build.0 = Release|Any CPU
	EndGlobalSection
	GlobalSection(SolutionProperties) = preSolution
		HideSolutionNode = FALSE
	EndGlobalSection
	GlobalSection(ExtensibilityGlobals) = postSolution
		SolutionGuid = {458F376B-02EE-489D-BDDF-7510F9E9BD71}
	EndGlobalSection
EndGlobal
